
Microsoft Visual Studio Solution File, Format Version 12.00
# Visual Studio Version 16
VisualStudioVersion = 16.0.31624.102
MinimumVisualStudioVersion = 10.0.40219.1
Project("{FAE04EC0-301F-11D3-BF4B-00C04F79EFBC}") = "azen", "azen\azen.csproj", "{5783194C-550C-4A8F-A977-71633243FE62}"
EndProject
Global
	GlobalSection(SolutionConfigurationPlatforms) = preSolution
		Debug|Any CPU = Debug|Any CPU
		Release|Any CPU = Release|Any CPU
	EndGlobalSection
	GlobalSection(ProjectConfigurationPlatforms) = postSolution
		{5783194C-550C-4A8F-A977-71633243FE62}.Debug|Any CPU.ActiveCfg = Debug|Any CPU
		{5783194C-550C-4A8F-A977-71633243FE62}.Debug|Any CPU.Build.0 = Debug|Any CPU
		{5783194C-550C-4A8F-A977-71633243FE62}.Release|Any CPU.ActiveCfg = Release|Any CPU
		{5783194C-550C-4A8F-A977-71633243FE62}.Release|Any CPU.Build.0 = Release|Any CPU
	EndGlobalSection
	GlobalSection(SolutionProperties) = preSolution
		HideSolutionNode = FALSE
	EndGlobalSection
	GlobalSection(ExtensibilityGlobals) = postSolution
		SolutionGuid = {37F03F23-0248-44A5-A6F3-D753FE01DF99}
	EndGlobalSection
EndGlobal
